
Microsoft Visual Studio Solution File, Format Version 12.00
# Visual Studio Version 17
VisualStudioVersion = 17.9.34723.18
MinimumVisualStudioVersion = 10.0.40219.1
Project("{FAE04EC0-301F-11D3-BF4B-00C04F79EFBC}") = "PrimitiveDataTypes", "PrimitiveDataTypes\PrimitiveDataTypes.csproj", "{84D22B05-1341-448E-9602-DBC7DEC1C778}"
EndProject
Project("{FAE04EC0-301F-11D3-BF4B-00C04F79EFBC}") = "Handout", "Handout\Handout.csproj", "{102A4FD4-7EBC-4D47-9058-ED2BB309F49E}"
EndProject
Global
	GlobalSection(SolutionConfigurationPlatforms) = preSolution
		Debug|Any CPU = Debug|Any CPU
		Release|Any CPU = Release|Any CPU
	EndGlobalSection
	GlobalSection(ProjectConfigurationPlatforms) = postSolution
		{84D22B05-1341-448E-9602-DBC7DEC1C778}.Debug|Any CPU.ActiveCfg = Debug|Any CPU
		{84D22B05-1341-448E-9602-DBC7DEC1C778}.Debug|Any CPU.Build.0 = Debug|Any CPU
		{84D22B05-1341-448E-9602-DBC7DEC1C778}.Release|Any CPU.ActiveCfg = Release|Any CPU
		{84D22B05-1341-448E-9602-DBC7DEC1C778}.Release|Any CPU.Build.0 = Release|Any CPU
		{102A4FD4-7EBC-4D47-9058-ED2BB309F49E}.Debug|Any CPU.ActiveCfg = Debug|Any CPU
		{102A4FD4-7EBC-4D47-9058-ED2BB309F49E}.Debug|Any CPU.Build.0 = Debug|Any CPU
		{102A4FD4-7EBC-4D47-9058-ED2BB309F49E}.Release|Any CPU.ActiveCfg = Release|Any CPU
		{102A4FD4-7EBC-4D47-9058-ED2BB309F49E}.Release|Any CPU.Build.0 = Release|Any CPU
	EndGlobalSection
	GlobalSection(SolutionProperties) = preSolution
		HideSolutionNode = FALSE
	EndGlobalSection
	GlobalSection(ExtensibilityGlobals) = postSolution
		SolutionGuid = {037EE17D-DBA1-4DED-AC0A-FF52E5CF0F65}
	EndGlobalSection
EndGlobal
